
Microsoft Visual Studio Solution File, Format Version 12.00
# Visual Studio 15
VisualStudioVersion = 15.0.28010.2046
MinimumVisualStudioVersion = 10.0.40219.1
Project("{8BC9CEB8-8B4A-11D0-8D11-00A0C91BC942}") = "DFA", "DFA.vcxproj", "{82287566-1997-464C-BF83-47E560C47015}"
EndProject
Global
	GlobalSection(SolutionConfigurationPlatforms) = preSolution
		Debug|x64 = Debug|x64
		Debug|x86 = Debug|x86
		Release|x64 = Release|x64
		Release|x86 = Release|x86
	EndGlobalSection
	GlobalSection(ProjectConfigurationPlatforms) = postSolution
		{82287566-1997-464C-BF83-47E560C47015}.Debug|x64.ActiveCfg = Debug|x64
		{82287566-1997-464C-BF83-47E560C47015}.Debug|x64.Build.0 = Debug|x64
		{82287566-1997-464C-BF83-47E560C47015}.Debug|x86.ActiveCfg = Debug|Win32
		{82287566-1997-464C-BF83-47E560C47015}.Debug|x86.Build.0 = Debug|Win32
		{82287566-1997-464C-BF83-47E560C47015}.Release|x64.ActiveCfg = Release|x64
		{82287566-1997-464C-BF83-47E560C47015}.Release|x64.Build.0 = Release|x64
		{82287566-1997-464C-BF83-47E560C47015}.Release|x86.ActiveCfg = Release|Win32
		{82287566-1997-464C-BF83-47E560C47015}.Release|x86.Build.0 = Release|Win32
	EndGlobalSection
	GlobalSection(SolutionProperties) = preSolution
		HideSolutionNode = FALSE
	EndGlobalSection
	GlobalSection(ExtensibilityGlobals) = postSolution
		SolutionGuid = {A9D5AA0E-268A-4479-9EEF-026F45FF0BD1}
	EndGlobalSection
EndGlobal
